{
  "requires": true,
  "lockfileVersion": 1,
  "dependencies": {
    "node-typescript": {
      "version": "0.1.3",
      "resolved": "https://registry.npmjs.org/node-typescript/-/node-typescript-0.1.3.tgz",
      "integrity": "sha1-xXkj8OMvONfGPmJ9iPeYSvIyfVo=",
      "requires": {
        "typescript": "0.8.3"
      }
    },
    "typescript": {
      "version": "0.8.3",
      "resolved": "https://registry.npmjs.org/typescript/-/typescript-0.8.3.tgz",
      "integrity": "sha1-oWpNWtl7s1sG3jucn7awO2j7AOQ="
    }
  }
}
